// !$*UTF8*$!
{
	archiveVersion = 1;
	classes = {
	};
	objectVersion = 56;
	objects = {

/* Begin PBXBuildFile section */
		8F84A71F29463E64002F5E5F /* infoView.swift in Sources */ = {isa = PBXBuildFile; fileRef = 8F84A71E29463E64002F5E5F /* infoView.swift */; };
		8F8D4A88294226FC002C8805 /* CardApp.swift in Sources */ = {isa = PBXBuildFile; fileRef = 8F8D4A87294226FC002C8805 /* CardApp.swift */; };
		8F8D4A8A294226FC002C8805 /* ContentView.swift in Sources */ = {isa = PBXBuildFile; fileRef = 8F8D4A89294226FC002C8805 /* ContentView.swift */; };
		8F8D4A8C294226FC002C8805 /* Assets.xcassets in Resources */ = {isa = PBXBuildFile; fileRef = 8F8D4A8B294226FC002C8805 /* Assets.xcassets */; };
		8F8D4A8F294226FC002C8805 /* Preview Assets.xcassets in Resources */ = {isa = PBXBuildFile; fileRef = 8F8D4A8E294226FC002C8805 /* Preview Assets.xcassets */; };
		8F8D4A99294226FD002C8805 /* CardTests.swift in Sources */ = {isa = PBXBuildFile; fileRef = 8F8D4A98294226FD002C8805 /* CardTests.swift */; };
		8F8D4AA3294226FD002C8805 /* CardUITests.swift in Sources */ = {isa = PBXBuildFile; fileRef = 8F8D4AA2294226FD002C8805 /* CardUITests.swift */; };
		8F8D4AA5294226FD002C8805 /* CardUITestsLaunchTests.swift in Sources */ = {isa = PBXBuildFile; fileRef = 8F8D4AA4294226FD002C8805 /* CardUITestsLaunchTests.swift */; };
		8F8D4AB329422FAB002C8805 /* Pacifico-Regular.ttf in Resources */ = {isa = PBXBuildFile; fileRef = 8F8D4AB229422FAB002C8805 /* Pacifico-Regular.ttf */; };
/* End PBXBuildFile section */

/* Begin PBXContainerItemProxy section */
		8F8D4A95294226FD002C8805 /* PBXContainerItemProxy */ = {
			isa = PBXContainerItemProxy;
			containerPortal = 8F8D4A7C294226FB002C8805 /* Project object */;
			proxyType = 1;
			remoteGlobalIDString = 8F8D4A83294226FC002C8805;
			remoteInfo = Card;
		};
		8F8D4A9F294226FD002C8805 /* PBXContainerItemProxy */ = {
			isa = PBXContainerItemProxy;
			containerPortal = 8F8D4A7C294226FB002C8805 /* Project object */;
			proxyType = 1;
			remoteGlobalIDString = 8F8D4A83294226FC002C8805;
			remoteInfo = Card;
		};
/* End PBXContainerItemProxy section */

/* Begin PBXFileReference section */
		8F84A71E29463E64002F5E5F /* infoView.swift */ = {isa = PBXFileReference; lastKnownFileType = sourcecode.swift; path = infoView.swift; sourceTree = "<group>"; };
		8F8D4A84294226FC002C8805 /* Card.app */ = {isa = PBXFileReference; explicitFileType = wrapper.application; includeInIndex = 0; path = Card.app; sourceTree = BUILT_PRODUCTS_DIR; };
		8F8D4A87294226FC002C8805 /* CardApp.swift */ = {isa = PBXFileReference; lastKnownFileType = sourcecode.swift; path = CardApp.swift; sourceTree = "<group>"; };
		8F8D4A89294226FC002C8805 /* ContentView.swift */ = {isa = PBXFileReference; lastKnownFileType = sourcecode.swift; path = ContentView.swift; sourceTree = "<group>"; };
		8F8D4A8B294226FC002C8805 /* Assets.xcassets */ = {isa = PBXFileReference; lastKnownFileType = folder.assetcatalog; path = Assets.xcassets; sourceTree = "<group>"; };
		8F8D4A8E294226FC002C8805 /* Preview Assets.xcassets */ = {isa = PBXFileReference; lastKnownFileType = folder.assetcatalog; path = "Preview Assets.xcassets"; sourceTree = "<group>"; };
		8F8D4A94294226FD002C8805 /* CardTests.xctest */ = {isa = PBXFileReference; explicitFileType = wrapper.cfbundle; includeInIndex = 0; path = CardTests.xctest; sourceTree = BUILT_PRODUCTS_DIR; };
		8F8D4A98294226FD002C8805 /* CardTests.swift */ = {isa = PBXFileReference; lastKnownFileType = sourcecode.swift; path = CardTests.swift; sourceTree = "<group>"; };
		8F8D4A9E294226FD002C8805 /* CardUITests.xctest */ = {isa = PBXFileReference; explicitFileType = wrapper.cfbundle; includeInIndex = 0; path = CardUITests.xctest; sourceTree = BUILT_PRODUCTS_DIR; };
		8F8D4AA2294226FD002C8805 /* CardUITests.swift */ = {isa = PBXFileReference; lastKnownFileType = sourcecode.swift; path = CardUITests.swift; sourceTree = "<group>"; };
		8F8D4AA4294226FD002C8805 /* CardUITestsLaunchTests.swift */ = {isa = PBXFileReference; lastKnownFileType = sourcecode.swift; path = CardUITestsLaunchTests.swift; sourceTree = "<group>"; };
		8F8D4AB229422FAB002C8805 /* Pacifico-Regular.ttf */ = {isa = PBXFileReference; lastKnownFileType = file; path = "Pacifico-Regular.ttf"; sourceTree = "<group>"; };
		8F8D4AB42942322B002C8805 /* Info.plist */ = {isa = PBXFileReference; lastKnownFileType = text.plist; path = Info.plist; sourceTree = "<group>"; };
/* End PBXFileReference section */

/* Begin PBXFrameworksBuildPhase section */
		8F8D4A81294226FC002C8805 /* Frameworks */ = {
			isa = PBXFrameworksBuildPhase;
			buildActionMask = 2147483647;
			files = (
			);
			runOnlyForDeploymentPostprocessing = 0;
		};
		8F8D4A91294226FD002C8805 /* Frameworks */ = {
			isa = PBXFrameworksBuildPhase;
			buildActionMask = 2147483647;
			files = (
			);
			runOnlyForDeploymentPostprocessing = 0;
		};
		8F8D4A9B294226FD002C8805 /* Frameworks */ = {
			isa = PBXFrameworksBuildPhase;
			buildActionMask = 2147483647;
			files = (
			);
			runOnlyForDeploymentPostprocessing = 0;
		};
/* End PBXFrameworksBuildPhase section */

/* Begin PBXGroup section */
		8F8D4A7B294226FB002C8805 = {
			isa = PBXGroup;
			children = (
				8F8D4A86294226FC002C8805 /* Card */,
				8F8D4A97294226FD002C8805 /* CardTests */,
				8F8D4AA1294226FD002C8805 /* CardUITests */,
				8F8D4A85294226FC002C8805 /* Products */,
			);
			sourceTree = "<group>";
		};
		8F8D4A85294226FC002C8805 /* Products */ = {
			isa = PBXGroup;
			children = (
				8F8D4A84294226FC002C8805 /* Card.app */,
				8F8D4A94294226FD002C8805 /* CardTests.xctest */,
				8F8D4A9E294226FD002C8805 /* CardUITests.xctest */,
			);
			name = Products;
			sourceTree = "<group>";
		};
		8F8D4A86294226FC002C8805 /* Card */ = {
			isa = PBXGroup;
			children = (
				8F8D4AB42942322B002C8805 /* Info.plist */,
				8F8D4AB129422F51002C8805 /* Fonts */,
				8F8D4A87294226FC002C8805 /* CardApp.swift */,
				8F8D4A89294226FC002C8805 /* ContentView.swift */,
				8F84A71E29463E64002F5E5F /* infoView.swift */,
				8F8D4A8B294226FC002C8805 /* Assets.xcassets */,
				8F8D4A8D294226FC002C8805 /* Preview Content */,
			);
			path = Card;
			sourceTree = "<group>";
		};
		8F8D4A8D294226FC002C8805 /* Preview Content */ = {
			isa = PBXGroup;
			children = (
				8F8D4A8E294226FC002C8805 /* Preview Assets.xcassets */,
			);
			path = "Preview Content";
			sourceTree = "<group>";
		};
		8F8D4A97294226FD002C8805 /* CardTests */ = {
			isa = PBXGroup;
			children = (
				8F8D4A98294226FD002C8805 /* CardTests.swift */,
			);
			path = CardTests;
			sourceTree = "<group>";
		};
		8F8D4AA1294226FD002C8805 /* CardUITests */ = {
			isa = PBXGroup;
			children = (
				8F8D4AA2294226FD002C8805 /* CardUITests.swift */,
				8F8D4AA4294226FD002C8805 /* CardUITestsLaunchTests.swift */,
			);
			path = CardUITests;
			sourceTree = "<group>";
		};
		8F8D4AB129422F51002C8805 /* Fonts */ = {
			isa = PBXGroup;
			children = (
				8F8D4AB229422FAB002C8805 /* Pacifico-Regular.ttf */,
			);
			path = Fonts;
			sourceTree = "<group>";
		};
/* End PBXGroup section */

/* Begin PBXNativeTarget section */
		8F8D4A83294226FC002C8805 /* Card */ = {
			isa = PBXNativeTarget;
			buildConfigurationList = 8F8D4AA8294226FD002C8805 /* Build configuration list for PBXNativeTarget "Card" */;
			buildPhases = (
				8F8D4A80294226FC002C8805 /* Sources */,
				8F8D4A81294226FC002C8805 /* Frameworks */,
				8F8D4A82294226FC002C8805 /* Resources */,
			);
			buildRules = (
			);
			dependencies = (
			);
			name = Card;
			productName = Card;
			productReference = 8F8D4A84294226FC002C8805 /* Card.app */;
			productType = "com.apple.product-type.application";
		};
		8F8D4A93294226FD002C8805 /* CardTests */ = {
			isa = PBXNativeTarget;
			buildConfigurationList = 8F8D4AAB294226FD002C8805 /* Build configuration list for PBXNativeTarget "CardTests" */;
			buildPhases = (
				8F8D4A90294226FD002C8805 /* Sources */,
				8F8D4A91294226FD002C8805 /* Frameworks */,
				8F8D4A92294226FD002C8805 /* Resources */,
			);
			buildRules = (
			);
			dependencies = (
				8F8D4A96294226FD002C8805 /* PBXTargetDependency */,
			);
			name = CardTests;
			productName = CardTests;
			productReference = 8F8D4A94294226FD002C8805 /* CardTests.xctest */;
			productType = "com.apple.product-type.bundle.unit-test";
		};
		8F8D4A9D294226FD002C8805 /* CardUITests */ = {
			isa = PBXNativeTarget;
			buildConfigurationList = 8F8D4AAE294226FD002C8805 /* Build configuration list for PBXNativeTarget "CardUITests" */;
			buildPhases = (
				8F8D4A9A294226FD002C8805 /* Sources */,
				8F8D4A9B294226FD002C8805 /* Frameworks */,
				8F8D4A9C294226FD002C8805 /* Resources */,
			);
			buildRules = (
			);
			dependencies = (
				8F8D4AA0294226FD002C8805 /* PBXTargetDependency */,
			);
			name = CardUITests;
			productName = CardUITests;
			productReference = 8F8D4A9E294226FD002C8805 /* CardUITests.xctest */;
			productType = "com.apple.product-type.bundle.ui-testing";
		};
/* End PBXNativeTarget section */

/* Begin PBXProject section */
		8F8D4A7C294226FB002C8805 /* Project object */ = {
			isa = PBXProject;
			attributes = {
				BuildIndependentTargetsInParallel = 1;
				LastSwiftUpdateCheck = 1410;
				LastUpgradeCheck = 1410;
				TargetAttributes = {
					8F8D4A83294226FC002C8805 = {
						CreatedOnToolsVersion = 14.1;
					};
					8F8D4A93294226FD002C8805 = {
						CreatedOnToolsVersion = 14.1;
						TestTargetID = 8F8D4A83294226FC002C8805;
					};
					8F8D4A9D294226FD002C8805 = {
						CreatedOnToolsVersion = 14.1;
						TestTargetID = 8F8D4A83294226FC002C8805;
					};
				};
			};
			buildConfigurationList = 8F8D4A7F294226FB002C8805 /* Build configuration list for PBXProject "Card" */;
			compatibilityVersion = "Xcode 14.0";
			developmentRegion = en;
			hasScannedForEncodings = 0;
			knownRegions = (
				en,
				Base,
			);
			mainGroup = 8F8D4A7B294226FB002C8805;
			productRefGroup = 8F8D4A85294226FC002C8805 /* Products */;
			projectDirPath = "";
			projectRoot = "";
			targets = (
				8F8D4A83294226FC002C8805 /* Card */,
				8F8D4A93294226FD002C8805 /* CardTests */,
				8F8D4A9D294226FD002C8805 /* CardUITests */,
			);
		};
/* End PBXProject section */

/* Begin PBXResourcesBuildPhase section */
		8F8D4A82294226FC002C8805 /* Resources */ = {
			isa = PBXResourcesBuildPhase;
			buildActionMask = 2147483647;
			files = (
				8F8D4AB329422FAB002C8805 /* Pacifico-Regular.ttf in Resources */,
				8F8D4A8F294226FC002C8805 /* Preview Assets.xcassets in Resources */,
				8F8D4A8C294226FC002C8805 /* Assets.xcassets in Resources */,
			);
			runOnlyForDeploymentPostprocessing = 0;
		};
		8F8D4A92294226FD002C8805 /* Resources */ = {
			isa = PBXResourcesBuildPhase;
			buildActionMask = 2147483647;
			files = (
			);
			runOnlyForDeploymentPostprocessing = 0;
		};
		8F8D4A9C294226FD002C8805 /* Resources */ = {
			isa = PBXResourcesBuildPhase;
			buildActionMask = 2147483647;
			files = (
			);
			runOnlyForDeploymentPostprocessing = 0;
		};
/* End PBXResourcesBuildPhase section */

/* Begin PBXSourcesBuildPhase section */
		8F8D4A80294226FC002C8805 /* Sources */ = {
			isa = PBXSourcesBuildPhase;
			buildActionMask = 2147483647;
			files = (
				8F84A71F29463E64002F5E5F /* infoView.swift in Sources */,
				8F8D4A8A294226FC002C8805 /* ContentView.swift in Sources */,
				8F8D4A88294226FC002C8805 /* CardApp.swift in Sources */,
			);
			runOnlyForDeploymentPostprocessing = 0;
		};
		8F8D4A90294226FD002C8805 /* Sources */ = {
			isa = PBXSourcesBuildPhase;
			buildActionMask = 2147483647;
			files = (
				8F8D4A99294226FD002C8805 /* CardTests.swift in Sources */,
			);
			runOnlyForDeploymentPostprocessing = 0;
		};
		8F8D4A9A294226FD002C8805 /* Sources */ = {
			isa = PBXSourcesBuildPhase;
			buildActionMask = 2147483647;
			files = (
				8F8D4AA5294226FD002C8805 /* CardUITestsLaunchTests.swift in Sources */,
				8F8D4AA3294226FD002C8805 /* CardUITests.swift in Sources */,
			);
			runOnlyForDeploymentPostprocessing = 0;
		};
/* End PBXSourcesBuildPhase section */

/* Begin PBXTargetDependency section */
		8F8D4A96294226FD002C8805 /* PBXTargetDependency */ = {
			isa = PBXTargetDependency;
			target = 8F8D4A83294226FC002C8805 /* Card */;
			targetProxy = 8F8D4A95294226FD002C8805 /* PBXContainerItemProxy */;
		};
		8F8D4AA0294226FD002C8805 /* PBXTargetDependency */ = {
			isa = PBXTargetDependency;
			target = 8F8D4A83294226FC002C8805 /* Card */;
			targetProxy = 8F8D4A9F294226FD002C8805 /* PBXContainerItemProxy */;
		};
/* End PBXTargetDependency section */

/* Begin XCBuildConfiguration section */
		8F8D4AA6294226FD002C8805 /* Debug */ = {
			isa = XCBuildConfiguration;
			buildSettings = {
				ALWAYS_SEARCH_USER_PATHS = NO;
				CLANG_ANALYZER_NONNULL = YES;
				CLANG_ANALYZER_NUMBER_OBJECT_CONVERSION = YES_AGGRESSIVE;
				CLANG_CXX_LANGUAGE_STANDARD = "gnu++20";
				CLANG_ENABLE_MODULES = YES;
				CLANG_ENABLE_OBJC_ARC = YES;
				CLANG_ENABLE_OBJC_WEAK = YES;
				CLANG_WARN_BLOCK_CAPTURE_AUTORELEASING = YES;
				CLANG_WARN_BOOL_CONVERSION = YES;
				CLANG_WARN_COMMA = YES;
				CLANG_WARN_CONSTANT_CONVERSION = YES;
				CLANG_WARN_DEPRECATED_OBJC_IMPLEMENTATIONS = YES;
				CLANG_WARN_DIRECT_OBJC_ISA_USAGE = YES_ERROR;
				CLANG_WARN_DOCUMENTATION_COMMENTS = YES;
				CLANG_WARN_EMPTY_BODY = YES;
				CLANG_WARN_ENUM_CONVERSION = YES;
				CLANG_WARN_INFINITE_RECURSION = YES;
				CLANG_WARN_INT_CONVERSION = YES;
				CLANG_WARN_NON_LITERAL_NULL_CONVERSION = YES;
				CLANG_WARN_OBJC_IMPLICIT_RETAIN_SELF = YES;
				CLANG_WARN_OBJC_LITERAL_CONVERSION = YES;
				CLANG_WARN_OBJC_ROOT_CLASS = YES_ERROR;
				CLANG_WARN_QUOTED_INCLUDE_IN_FRAMEWORK_HEADER = YES;
				CLANG_WARN_RANGE_LOOP_ANALYSIS = YES;
				CLANG_WARN_STRICT_PROTOTYPES = YES;
				CLANG_WARN_SUSPICIOUS_MOVE = YES;
				CLANG_WARN_UNGUARDED_AVAILABILITY = YES_AGGRESSIVE;
				CLANG_WARN_UNREACHABLE_CODE = YES;
				CLANG_WARN__DUPLICATE_METHOD_MATCH = YES;
				COPY_PHASE_STRIP = NO;
				DEBUG_INFORMATION_FORMAT = dwarf;
				ENABLE_STRICT_OBJC_MSGSEND = YES;
				ENABLE_TESTABILITY = YES;
				GCC_C_LANGUAGE_STANDARD = gnu11;
				GCC_DYNAMIC_NO_PIC = NO;
				GCC_NO_COMMON_BLOCKS = YES;
				GCC_OPTIMIZATION_LEVEL = 0;
				GCC_PREPROCESSOR_DEFINITIONS = (
					"DEBUG=1",
					"$(inherited)",
				);
				GCC_WARN_64_TO_32_BIT_CONVERSION = YES;
				GCC_WARN_ABOUT_RETURN_TYPE = YES_ERROR;
				GCC_WARN_UNDECLARED_SELECTOR = YES;
				GCC_WARN_UNINITIALIZED_AUTOS = YES_AGGRESSIVE;
				GCC_WARN_UNUSED_FUNCTION = YES;
				GCC_WARN_UNUSED_VARIABLE = YES;
				IPHONEOS_DEPLOYMENT_TARGET = 16.1;
				MTL_ENABLE_DEBUG_INFO = INCLUDE_SOURCE;
				MTL_FAST_MATH = YES;
				ONLY_ACTIVE_ARCH = YES;
				SDKROOT = iphoneos;
				SWIFT_ACTIVE_COMPILATION_CONDITIONS = DEBUG;
				SWIFT_OPTIMIZATION_LEVEL = "-Onone";
			};
			name = Debug;
		};
		8F8D4AA7294226FD002C8805 /* Release */ = {
			isa = XCBuildConfiguration;
			buildSettings = {
				ALWAYS_SEARCH_USER_PATHS = NO;
				CLANG_ANALYZER_NONNULL = YES;
				CLANG_ANALYZER_NUMBER_OBJECT_CONVERSION = YES_AGGRESSIVE;
				CLANG_CXX_LANGUAGE_STANDARD = "gnu++20";
				CLANG_ENABLE_MODULES = YES;
				CLANG_ENABLE_OBJC_ARC = YES;
				CLANG_ENABLE_OBJC_WEAK = YES;
				CLANG_WARN_BLOCK_CAPTURE_AUTORELEASING = YES;
				CLANG_WARN_BOOL_CONVERSION = YES;
				CLANG_WARN_COMMA = YES;
				CLANG_WARN_CONSTANT_CONVERSION = YES;
				CLANG_WARN_DEPRECATED_OBJC_IMPLEMENTATIONS = YES;
				CLANG_WARN_DIRECT_OBJC_ISA_USAGE = YES_ERROR;
				CLANG_WARN_DOCUMENTATION_COMMENTS = YES;
				CLANG_WARN_EMPTY_BODY = YES;
				CLANG_WARN_ENUM_CONVERSION = YES;
				CLANG_WARN_INFINITE_RECURSION = YES;
				CLANG_WARN_INT_CONVERSION = YES;
				CLANG_WARN_NON_LITERAL_NULL_CONVERSION = YES;
				CLANG_WARN_OBJC_IMPLICIT_RETAIN_SELF = YES;
				CLANG_WARN_OBJC_LITERAL_CONVERSION = YES;
				CLANG_WARN_OBJC_ROOT_CLASS = YES_ERROR;
				CLANG_WARN_QUOTED_INCLUDE_IN_FRAMEWORK_HEADER = YES;
				CLANG_WARN_RANGE_LOOP_ANALYSIS = YES;
				CLANG_WARN_STRICT_PROTOTYPES = YES;
				CLANG_WARN_SUSPICIOUS_MOVE = YES;
				CLANG_WARN_UNGUARDED_AVAILABILITY = YES_AGGRESSIVE;
				CLANG_WARN_UNREACHABLE_CODE = YES;
				CLANG_WARN__DUPLICATE_METHOD_MATCH = YES;
				COPY_PHASE_STRIP = NO;
				DEBUG_INFORMATION_FORMAT = "dwarf-with-dsym";
				ENABLE_NS_ASSERTIONS = NO;
				ENABLE_STRICT_OBJC_MSGSEND = YES;
				GCC_C_LANGUAGE_STANDARD = gnu11;
				GCC_NO_COMMON_BLOCKS = YES;
				GCC_WARN_64_TO_32_BIT_CONVERSION = YES;
				GCC_WARN_ABOUT_RETURN_TYPE = YES_ERROR;
				GCC_WARN_UNDECLARED_SELECTOR = YES;
				GCC_WARN_UNINITIALIZED_AUTOS = YES_AGGRESSIVE;
				GCC_WARN_UNUSED_FUNCTION = YES;
				GCC_WARN_UNUSED_VARIABLE = YES;
				IPHONEOS_DEPLOYMENT_TARGET = 16.1;
				MTL_ENABLE_DEBUG_INFO = NO;
				MTL_FAST_MATH = YES;
				SDKROOT = iphoneos;
				SWIFT_COMPILATION_MODE = wholemodule;
				SWIFT_OPTIMIZATION_LEVEL = "-O";
				VALIDATE_PRODUCT = YES;
			};
			name = Release;
		};
		8F8D4AA9294226FD002C8805 /* Debug */ = {
			isa = XCBuildConfiguration;
			buildSettings = {
				ASSETCATALOG_COMPILER_APPICON_NAME = AppIcon;
				ASSETCATALOG_COMPILER_GLOBAL_ACCENT_COLOR_NAME = AccentColor;
				CODE_SIGN_STYLE = Automatic;
				CURRENT_PROJECT_VERSION = 1;
				DEVELOPMENT_ASSET_PATHS = "\"Card/Preview Content\"";
				DEVELOPMENT_TEAM = TZ9RU67WNA;
				ENABLE_PREVIEWS = YES;
				GENERATE_INFOPLIST_FILE = YES;
				INFOPLIST_FILE = Card/Info.plist;
				INFOPLIST_KEY_UIApplicationSceneManifest_Generation = YES;
				INFOPLIST_KEY_UIApplicationSupportsIndirectInputEvents = YES;
				INFOPLIST_KEY_UILaunchScreen_Generation = YES;
				INFOPLIST_KEY_UISupportedInterfaceOrientations_iPad = "UIInterfaceOrientationPortrait UIInterfaceOrientationPortraitUpsideDown UIInterfaceOrientationLandscapeLeft UIInterfaceOrientationLandscapeRight";
				INFOPLIST_KEY_UISupportedInterfaceOrientations_iPhone = "UIInterfaceOrientationPortrait UIInterfaceOrientationLandscapeLeft UIInterfaceOrientationLandscapeRight";
				LD_RUNPATH_SEARCH_PATHS = (
					"$(inherited)",
					"@executable_path/Frameworks",
				);
				MARKETING_VERSION = 1.0;
				PRODUCT_BUNDLE_IDENTIFIER = com.makmm.Card;
				PRODUCT_NAME = "$(TARGET_NAME)";
				SWIFT_EMIT_LOC_STRINGS = YES;
				SWIFT_VERSION = 5.0;
				TARGETED_DEVICE_FAMILY = "1,2";
			};
			name = Debug;
		};
		8F8D4AAA294226FD002C8805 /* Release */ = {
			isa = XCBuildConfiguration;
			buildSettings = {
				ASSETCATALOG_COMPILER_APPICON_NAME = AppIcon;
				ASSETCATALOG_COMPILER_GLOBAL_ACCENT_COLOR_NAME = AccentColor;
				CODE_SIGN_STYLE = Automatic;
				CURRENT_PROJECT_VERSION = 1;
				DEVELOPMENT_ASSET_PATHS = "\"Card/Preview Content\"";
				DEVELOPMENT_TEAM = TZ9RU67WNA;
				ENABLE_PREVIEWS = YES;
				GENERATE_INFOPLIST_FILE = YES;
				INFOPLIST_FILE = Card/Info.plist;
				INFOPLIST_KEY_UIApplicationSceneManifest_Generation = YES;
				INFOPLIST_KEY_UIApplicationSupportsIndirectInputEvents = YES;
				INFOPLIST_KEY_UILaunchScreen_Generation = YES;
				INFOPLIST_KEY_UISupportedInterfaceOrientations_iPad = "UIInterfaceOrientationPortrait UIInterfaceOrientationPortraitUpsideDown UIInterfaceOrientationLandscapeLeft UIInterfaceOrientationLandscapeRight";
				INFOPLIST_KEY_UISupportedInterfaceOrientations_iPhone = "UIInterfaceOrientationPortrait UIInterfaceOrientationLandscapeLeft UIInterfaceOrientationLandscapeRight";
				LD_RUNPATH_SEARCH_PATHS = (
					"$(inherited)",
					"@executable_path/Frameworks",
				);
				MARKETING_VERSION = 1.0;
				PRODUCT_BUNDLE_IDENTIFIER = com.makmm.Card;
				PRODUCT_NAME = "$(TARGET_NAME)";
				SWIFT_EMIT_LOC_STRINGS = YES;
				SWIFT_VERSION = 5.0;
				TARGETED_DEVICE_FAMILY = "1,2";
			};
			name = Release;
		};
		8F8D4AAC294226FD002C8805 /* Debug */ = {
			isa = XCBuildConfiguration;
			buildSettings = {
				ALWAYS_EMBED_SWIFT_STANDARD_LIBRARIES = YES;
				BUNDLE_LOADER = "$(TEST_HOST)";
				CODE_SIGN_STYLE = Automatic;
				CURRENT_PROJECT_VERSION = 1;
				DEVELOPMENT_TEAM = TZ9RU67WNA;
				GENERATE_INFOPLIST_FILE = YES;
				IPHONEOS_DEPLOYMENT_TARGET = 16.1;
				MARKETING_VERSION = 1.0;
				PRODUCT_BUNDLE_IDENTIFIER = com.makmm.CardTests;
				PRODUCT_NAME = "$(TARGET_NAME)";
				SWIFT_EMIT_LOC_STRINGS = NO;
				SWIFT_VERSION = 5.0;
				TARGETED_DEVICE_FAMILY = "1,2";
				TEST_HOST = "$(BUILT_PRODUCTS_DIR)/Card.app/$(BUNDLE_EXECUTABLE_FOLDER_PATH)/Card";
			};
			name = Debug;
		};
		8F8D4AAD294226FD002C8805 /* Release */ = {
			isa = XCBuildConfiguration;
			buildSettings = {
				ALWAYS_EMBED_SWIFT_STANDARD_LIBRARIES = YES;
				BUNDLE_LOADER = "$(TEST_HOST)";
				CODE_SIGN_STYLE = Automatic;
				CURRENT_PROJECT_VERSION = 1;
				DEVELOPMENT_TEAM = TZ9RU67WNA;
				GENERATE_INFOPLIST_FILE = YES;
				IPHONEOS_DEPLOYMENT_TARGET = 16.1;
				MARKETING_VERSION = 1.0;
				PRODUCT_BUNDLE_IDENTIFIER = com.makmm.CardTests;
				PRODUCT_NAME = "$(TARGET_NAME)";
				SWIFT_EMIT_LOC_STRINGS = NO;
				SWIFT_VERSION = 5.0;
				TARGETED_DEVICE_FAMILY = "1,2";
				TEST_HOST = "$(BUILT_PRODUCTS_DIR)/Card.app/$(BUNDLE_EXECUTABLE_FOLDER_PATH)/Card";
			};
			name = Release;
		};
		8F8D4AAF294226FD002C8805 /* Debug */ = {
			isa = XCBuildConfiguration;
			buildSettings = {
				ALWAYS_EMBED_SWIFT_STANDARD_LIBRARIES = YES;
				CODE_SIGN_STYLE = Automatic;
				CURRENT_PROJECT_VERSION = 1;
				DEVELOPMENT_TEAM = TZ9RU67WNA;
				GENERATE_INFOPLIST_FILE = YES;
				MARKETING_VERSION = 1.0;
				PRODUCT_BUNDLE_IDENTIFIER = com.makmm.CardUITests;
				PRODUCT_NAME = "$(TARGET_NAME)";
				SWIFT_EMIT_LOC_STRINGS = NO;
				SWIFT_VERSION = 5.0;
				TARGETED_DEVICE_FAMILY = "1,2";
				TEST_TARGET_NAME = Card;
			};
			name = Debug;
		};
		8F8D4AB0294226FD002C8805 /* Release */ = {
			isa = XCBuildConfiguration;
			buildSettings = {
				ALWAYS_EMBED_SWIFT_STANDARD_LIBRARIES = YES;
				CODE_SIGN_STYLE = Automatic;
				CURRENT_PROJECT_VERSION = 1;
				DEVELOPMENT_TEAM = TZ9RU67WNA;
				GENERATE_INFOPLIST_FILE = YES;
				MARKETING_VERSION = 1.0;
				PRODUCT_BUNDLE_IDENTIFIER = com.makmm.CardUITests;
				PRODUCT_NAME = "$(TARGET_NAME)";
				SWIFT_EMIT_LOC_STRINGS = NO;
				SWIFT_VERSION = 5.0;
				TARGETED_DEVICE_FAMILY = "1,2";
				TEST_TARGET_NAME = Card;
			};
			name = Release;
		};
/* End XCBuildConfiguration section */

/* Begin XCConfigurationList section */
		8F8D4A7F294226FB002C8805 /* Build configuration list for PBXProject "Card" */ = {
			isa = XCConfigurationList;
			buildConfigurations = (
				8F8D4AA6294226FD002C8805 /* Debug */,
				8F8D4AA7294226FD002C8805 /* Release */,
			);
			defaultConfigurationIsVisible = 0;
			defaultConfigurationName = Release;
		};
		8F8D4AA8294226FD002C8805 /* Build configuration list for PBXNativeTarget "Card" */ = {
			isa = XCConfigurationList;
			buildConfigurations = (
				8F8D4AA9294226FD002C8805 /* Debug */,
				8F8D4AAA294226FD002C8805 /* Release */,
			);
			defaultConfigurationIsVisible = 0;
			defaultConfigurationName = Release;
		};
		8F8D4AAB294226FD002C8805 /* Build configuration list for PBXNativeTarget "CardTests" */ = {
			isa = XCConfigurationList;
			buildConfigurations = (
				8F8D4AAC294226FD002C8805 /* Debug */,
				8F8D4AAD294226FD002C8805 /* Release */,
			);
			defaultConfigurationIsVisible = 0;
			defaultConfigurationName = Release;
		};
		8F8D4AAE294226FD002C8805 /* Build configuration list for PBXNativeTarget "CardUITests" */ = {
			isa = XCConfigurationList;
			buildConfigurations = (
				8F8D4AAF294226FD002C8805 /* Debug */,
				8F8D4AB0294226FD002C8805 /* Release */,
			);
			defaultConfigurationIsVisible = 0;
			defaultConfigurationName = Release;
		};
/* End XCConfigurationList section */
	};
	rootObject = 8F8D4A7C294226FB002C8805 /* Project object */;
}
